
Microsoft Visual Studio Solution File, Format Version 12.00
# Visual Studio Version 16
VisualStudioVersion = 16.0.32126.315
MinimumVisualStudioVersion = 10.0.40219.1
Project("{FAE04EC0-301F-11D3-BF4B-00C04F79EFBC}") = "SeleniumTestExe8", "SeleniumTestExe8.csproj", "{28535489-6D38-4A97-92D5-2023ABFAEE58}"
EndProject
Global
	GlobalSection(SolutionConfigurationPlatforms) = preSolution
		Debug|Any CPU = Debug|Any CPU
		Release|Any CPU = Release|Any CPU
	EndGlobalSection
	GlobalSection(ProjectConfigurationPlatforms) = postSolution
		{28535489-6D38-4A97-92D5-2023ABFAEE58}.Debug|Any CPU.ActiveCfg = Debug|Any CPU
		{28535489-6D38-4A97-92D5-2023ABFAEE58}.Debug|Any CPU.Build.0 = Debug|Any CPU
		{28535489-6D38-4A97-92D5-2023ABFAEE58}.Release|Any CPU.ActiveCfg = Release|Any CPU
		{28535489-6D38-4A97-92D5-2023ABFAEE58}.Release|Any CPU.Build.0 = Release|Any CPU
	EndGlobalSection
	GlobalSection(SolutionProperties) = preSolution
		HideSolutionNode = FALSE
	EndGlobalSection
	GlobalSection(ExtensibilityGlobals) = postSolution
		SolutionGuid = {261E54FE-CFC3-4A65-BD45-881D33827D65}
	EndGlobalSection
EndGlobal
